<?xml version="1.0" encoding="utf-8"?>
<Project ToolsVersion="4.0" xmlns="http://schemas.microsoft.com/developer/msbuild/2003">
  <ItemGroup>
    <Filter Include="Source Files">
      <UniqueIdentifier>{4FC737F1-C7A5-4376-A066-2A32D752A2FF}</UniqueIdentifier>
      <Extensions>cpp;c;cc;cxx;def;odl;idl;hpj;bat;asm;asmx</Extensions>
    </Filter>
    <Filter Include="Source Files\Main">
      <UniqueIdentifier>{0500be24-3980-4692-8004-9958ab200b51}</UniqueIdentifier>
    </Filter>
    <Filter Include="Source Files\Dialogs">
      <UniqueIdentifier>{335cbdda-0bf4-454b-a039-fd0538cfc9b8}</UniqueIdentifier>
    </Filter>
    <Filter Include="Source Files\VIEWER">
      <UniqueIdentifier>{c389bffc-db60-4d01-9d4b-1bccb0dad99e}</UniqueIdentifier>
    </Filter>
    <Filter Include="Header Files">
      <UniqueIdentifier>{93995380-89BD-4b04-88EB-625FBE52EBFB}</UniqueIdentifier>
      <Extensions>h;hpp;hxx;hm;inl;inc;xsd</Extensions>
    </Filter>
    <Filter Include="Header Files\Main">
      <UniqueIdentifier>{2867091a-a762-4e2c-8dea-5b4cba327f7f}</UniqueIdentifier>
    </Filter>
    <Filter Include="Header Files\Dialogs">
      <UniqueIdentifier>{c691be72-daba-49ac-81e3-4a43b2a0da11}</UniqueIdentifier>
    </Filter>
    <Filter Include="Header Files\VIEWER">
      <UniqueIdentifier>{b2920aa2-e21b-4007-a6fa-293cbf5d2658}</UniqueIdentifier>
    </Filter>
    <Filter Include="Resource Files">
      <UniqueIdentifier>{67DA6AB6-F800-4c08-8B7A-83BB121AAD01}</UniqueIdentifier>
      <Extensions>rc;ico;cur;bmp;dlg;rc2;rct;bin;rgs;gif;jpg;jpeg;jpe;resx;tiff;tif;png;wav</Extensions>
    </Filter>
  </ItemGroup>
  <ItemGroup>
    <ClCompile Include="Function_Pointers.cpp">
      <Filter>Source Files</Filter>
    </ClCompile>
    <ClCompile Include="P3robot.cpp">
      <Filter>Source Files</Filter>
    </ClCompile>
    <ClCompile Include="RobotDlg.cpp">
      <Filter>Source Files</Filter>
    </ClCompile>
    <ClCompile Include="Thread_Functions.cpp">
      <Filter>Source Files</Filter>
    </ClCompile>
    <ClCompile Include="MainFrm.cpp">
      <Filter>Source Files\Main</Filter>
    </ClCompile>
    <ClCompile Include="RobotNavi.cpp">
      <Filter>Source Files\Main</Filter>
    </ClCompile>
    <ClCompile Include="RobotNaviDoc.cpp">
      <Filter>Source Files\Main</Filter>
    </ClCompile>
    <ClCompile Include="RobotNaviView.cpp">
      <Filter>Source Files\Main</Filter>
    </ClCompile>
    <ClCompile Include="stdafx.cpp">
      <Filter>Source Files\Main</Filter>
    </ClCompile>
    <ClCompile Include="ICPDlg.cpp">
      <Filter>Source Files\Dialogs</Filter>
    </ClCompile>
    <ClCompile Include="JoyDlg.cpp">
      <Filter>Source Files\Dialogs</Filter>
    </ClCompile>
    <ClCompile Include="LaserDlg.cpp">
      <Filter>Source Files\Dialogs</Filter>
    </ClCompile>
    <ClCompile Include="MapDlg.cpp">
      <Filter>Source Files\Dialogs</Filter>
    </ClCompile>
    <ClCompile Include="NavDlg.cpp">
      <Filter>Source Files\Dialogs</Filter>
    </ClCompile>
    <ClCompile Include="Viewer\MFC_VIEWER.cpp">
      <Filter>Source Files\VIEWER</Filter>
    </ClCompile>
    <ClCompile Include="Viewer\NaviDraw.cpp">
      <Filter>Source Files\VIEWER</Filter>
    </ClCompile>
  </ItemGroup>
  <ItemGroup>
    <ClInclude Include="Function_Pointers.h">
      <Filter>Header Files</Filter>
    </ClInclude>
    <ClInclude Include="P3robot.h">
      <Filter>Header Files</Filter>
    </ClInclude>
    <ClInclude Include="RobotDlg.h">
      <Filter>Header Files</Filter>
    </ClInclude>
    <ClInclude Include="Thread_Functions.h">
      <Filter>Header Files</Filter>
    </ClInclude>
    <ClInclude Include="MainFrm.h">
      <Filter>Header Files\Main</Filter>
    </ClInclude>
    <ClInclude Include="Resource.h">
      <Filter>Header Files\Main</Filter>
    </ClInclude>
    <ClInclude Include="RobotNavi.h">
      <Filter>Header Files\Main</Filter>
    </ClInclude>
    <ClInclude Include="RobotNaviDoc.h">
      <Filter>Header Files\Main</Filter>
    </ClInclude>
    <ClInclude Include="RobotNaviView.h">
      <Filter>Header Files\Main</Filter>
    </ClInclude>
    <ClInclude Include="stdafx.h">
      <Filter>Header Files\Main</Filter>
    </ClInclude>
    <ClInclude Include="targetver.h">
      <Filter>Header Files\Main</Filter>
    </ClInclude>
    <ClInclude Include="ICPDlg.h">
      <Filter>Header Files\Dialogs</Filter>
    </ClInclude>
    <ClInclude Include="JoyDlg.h">
      <Filter>Header Files\Dialogs</Filter>
    </ClInclude>
    <ClInclude Include="LaserDlg.h">
      <Filter>Header Files\Dialogs</Filter>
    </ClInclude>
    <ClInclude Include="MapDlg.h">
      <Filter>Header Files\Dialogs</Filter>
    </ClInclude>
    <ClInclude Include="NavDlg.h">
      <Filter>Header Files\Dialogs</Filter>
    </ClInclude>
    <ClInclude Include="Viewer\navidraw.h">
      <Filter>Header Files\VIEWER</Filter>
    </ClInclude>
  </ItemGroup>
  <ItemGroup>
    <None Include="..\src\nanoha1.bmp">
      <Filter>Resource Files</Filter>
    </None>
    <None Include="..\src\nanoha2.bmp">
      <Filter>Resource Files</Filter>
    </None>
    <None Include="..\src\nanoha3.bmp">
      <Filter>Resource Files</Filter>
    </None>
    <None Include="res\RobotNavi.ico">
      <Filter>Resource Files</Filter>
    </None>
    <None Include="res\RobotNavi.rc2">
      <Filter>Resource Files</Filter>
    </None>
    <None Include="res\RobotNaviDoc.ico">
      <Filter>Resource Files</Filter>
    </None>
    <None Include="res\Toolbar.bmp">
      <Filter>Resource Files</Filter>
    </None>
    <None Include="ReadMe.txt" />
  </ItemGroup>
  <ItemGroup>
    <ResourceCompile Include="RobotNavi.rc">
      <Filter>Resource Files</Filter>
    </ResourceCompile>
  </ItemGroup>
</Project>